{
  "name": "sdxcx",
  "version": "1.0.0",
  "lockfileVersion": 3,
  "requires": true,
  "packages": {
    "": {
      "name": "sdxcx",
      "version": "1.0.0",
      "license": "ISC",
      "dependencies": {
        "gbk.js": "^0.3.0"
      },
      "devDependencies": {}
    },
    "node_modules/gbk.js": {
      "version": "0.3.0",
      "resolved": "https://registry.npmjs.org/gbk.js/-/gbk.js-0.3.0.tgz",
      "integrity": "sha512-rFEmSBm7/wSWXI5hq3CC4M55bFapT24Gj2hQfNK2Sy2rBs1snHWUCwRX2dg9jmy/LnR36xm+/ZLhycLWTI4Ilw==",
      "license": "MIT"
    }
  }
}
